
Microsoft Visual Studio Solution File, Format Version 12.00
# Visual Studio Version 17
VisualStudioVersion = 17.5.33530.505
MinimumVisualStudioVersion = 10.0.40219.1
Project("{FAE04EC0-301F-11D3-BF4B-00C04F79EFBC}") = "Catstagram", "Catstagram\Catstagram.csproj", "{5E449A30-9200-48AF-8260-373F74251F6D}"
EndProject
Global
	GlobalSection(SolutionConfigurationPlatforms) = preSolution
		Debug|Any CPU = Debug|Any CPU
		Release|Any CPU = Release|Any CPU
	EndGlobalSection
	GlobalSection(ProjectConfigurationPlatforms) = postSolution
		{5E449A30-9200-48AF-8260-373F74251F6D}.Debug|Any CPU.ActiveCfg = Debug|Any CPU
		{5E449A30-9200-48AF-8260-373F74251F6D}.Debug|Any CPU.Build.0 = Debug|Any CPU
		{5E449A30-9200-48AF-8260-373F74251F6D}.Release|Any CPU.ActiveCfg = Release|Any CPU
		{5E449A30-9200-48AF-8260-373F74251F6D}.Release|Any CPU.Build.0 = Release|Any CPU
	EndGlobalSection
	GlobalSection(SolutionProperties) = preSolution
		HideSolutionNode = FALSE
	EndGlobalSection
	GlobalSection(ExtensibilityGlobals) = postSolution
		SolutionGuid = {77226D4F-BE31-4CBA-B682-DC946ADA087E}
	EndGlobalSection
EndGlobal
